// !$*UTF8*$!
{
	archiveVersion = 1;
	classes = {
	};
	objectVersion = 50;
	objects = {

/* Begin PBXBuildFile section */
		FB67E5D02518E64B00FE829B /* AppDelegate.swift in Sources */ = {isa = PBXBuildFile; fileRef = FB67E5CF2518E64B00FE829B /* AppDelegate.swift */; };
		FB67E5D22518E64B00FE829B /* SceneDelegate.swift in Sources */ = {isa = PBXBuildFile; fileRef = FB67E5D12518E64B00FE829B /* SceneDelegate.swift */; };
		FB67E5D42518E64B00FE829B /* ViewController.swift in Sources */ = {isa = PBXBuildFile; fileRef = FB67E5D32518E64B00FE829B /* ViewController.swift */; };
		FB67E5D72518E64B00FE829B /* Main.storyboard in Resources */ = {isa = PBXBuildFile; fileRef = FB67E5D52518E64B00FE829B /* Main.storyboard */; };
		FB67E5D92518E64C00FE829B /* Assets.xcassets in Resources */ = {isa = PBXBuildFile; fileRef = FB67E5D82518E64C00FE829B /* Assets.xcassets */; };
		FB67E5DC2518E64C00FE829B /* LaunchScreen.storyboard in Resources */ = {isa = PBXBuildFile; fileRef = FB67E5DA2518E64C00FE829B /* LaunchScreen.storyboard */; };
/* End PBXBuildFile section */

/* Begin PBXFileReference section */
		FB67E5CC2518E64B00FE829B /* DemoNavigation.app */ = {isa = PBXFileReference; explicitFileType = wrapper.application; includeInIndex = 0; path = DemoNavigation.app; sourceTree = BUILT_PRODUCTS_DIR; };
		FB67E5CF2518E64B00FE829B /* AppDelegate.swift */ = {isa = PBXFileReference; lastKnownFileType = sourcecode.swift; path = AppDelegate.swift; sourceTree = "<group>"; };
		FB67E5D12518E64B00FE829B /* SceneDelegate.swift */ = {isa = PBXFileReference; lastKnownFileType = sourcecode.swift; path = SceneDelegate.swift; sourceTree = "<group>"; };
		FB67E5D32518E64B00FE829B /* ViewController.swift */ = {isa = PBXFileReference; lastKnownFileType = sourcecode.swift; path = ViewController.swift; sourceTree = "<group>"; };
		FB67E5D62518E64B00FE829B /* Base */ = {isa = PBXFileReference; lastKnownFileType = file.storyboard; name = Base; path = Base.lproj/Main.storyboard; sourceTree = "<group>"; };
		FB67E5D82518E64C00FE829B /* Assets.xcassets */ = {isa = PBXFileReference; lastKnownFileType = folder.assetcatalog; path = Assets.xcassets; sourceTree = "<group>"; };
		FB67E5DB2518E64C00FE829B /* Base */ = {isa = PBXFileReference; lastKnownFileType = file.storyboard; name = Base; path = Base.lproj/LaunchScreen.storyboard; sourceTree = "<group>"; };
		FB67E5DD2518E64C00FE829B /* Info.plist */ = {isa = PBXFileReference; lastKnownFileType = text.plist.xml; path = Info.plist; sourceTree = "<group>"; };
/* End PBXFileReference section */

/* Begin PBXFrameworksBuildPhase section */
		FB67E5C92518E64B00FE829B /* Frameworks */ = {
			isa = PBXFrameworksBuildPhase;
			buildActionMask = 2147483647;
			files = (
			);
			runOnlyForDeploymentPostprocessing = 0;
		};
/* End PBXFrameworksBuildPhase section */

/* Begin PBXGroup section */
		FB67E5C32518E64B00FE829B = {
			isa = PBXGroup;
			children = (
				FB67E5CE2518E64B00FE829B /* DemoNavigation */,
				FB67E5CD2518E64B00FE829B /* Products */,
			);
			sourceTree = "<group>";
		};
		FB67E5CD2518E64B00FE829B /* Products */ = {
			isa = PBXGroup;
			children = (
				FB67E5CC2518E64B00FE829B /* DemoNavigation.app */,
			);
			name = Products;
			sourceTree = "<group>";
		};
		FB67E5CE2518E64B00FE829B /* DemoNavigation */ = {
			isa = PBXGroup;
			children = (
				FB67E5CF2518E64B00FE829B /* AppDelegate.swift */,
				FB67E5D12518E64B00FE829B /* SceneDelegate.swift */,
				FB67E5D32518E64B00FE829B /* ViewController.swift */,
				FB67E5D52518E64B00FE829B /* Main.storyboard */,
				FB67E5D82518E64C00FE829B /* Assets.xcassets */,
				FB67E5DA2518E64C00FE829B /* LaunchScreen.storyboard */,
				FB67E5DD2518E64C00FE829B /* Info.plist */,
			);
			path = DemoNavigation;
			sourceTree = "<group>";
		};
/* End PBXGroup section */

/* Begin PBXNativeTarget section */
		FB67E5CB2518E64B00FE829B /* DemoNavigation */ = {
			isa = PBXNativeTarget;
			buildConfigurationList = FB67E5E02518E64C00FE829B /* Build configuration list for PBXNativeTarget "DemoNavigation" */;
			buildPhases = (
				FB67E5C82518E64B00FE829B /* Sources */,
				FB67E5C92518E64B00FE829B /* Frameworks */,
				FB67E5CA2518E64B00FE829B /* Resources */,
			);
			buildRules = (
			);
			dependencies = (
			);
			name = DemoNavigation;
			productName = DemoNavigation;
			productReference = FB67E5CC2518E64B00FE829B /* DemoNavigation.app */;
			productType = "com.apple.product-type.application";
		};
/* End PBXNativeTarget section */

/* Begin PBXProject section */
		FB67E5C42518E64B00FE829B /* Project object */ = {
			isa = PBXProject;
			attributes = {
				LastSwiftUpdateCheck = 1170;
				LastUpgradeCheck = 1170;
				ORGANIZATIONNAME = "Kenyi Rodriguez";
				TargetAttributes = {
					FB67E5CB2518E64B00FE829B = {
						CreatedOnToolsVersion = 11.7;
					};
				};
			};
			buildConfigurationList = FB67E5C72518E64B00FE829B /* Build configuration list for PBXProject "DemoNavigation" */;
			compatibilityVersion = "Xcode 9.3";
			developmentRegion = en;
			hasScannedForEncodings = 0;
			knownRegions = (
				en,
				Base,
			);
			mainGroup = FB67E5C32518E64B00FE829B;
			productRefGroup = FB67E5CD2518E64B00FE829B /* Products */;
			projectDirPath = "";
			projectRoot = "";
			targets = (
				FB67E5CB2518E64B00FE829B /* DemoNavigation */,
			);
		};
/* End PBXProject section */

/* Begin PBXResourcesBuildPhase section */
		FB67E5CA2518E64B00FE829B /* Resources */ = {
			isa = PBXResourcesBuildPhase;
			buildActionMask = 2147483647;
			files = (
				FB67E5DC2518E64C00FE829B /* LaunchScreen.storyboard in Resources */,
				FB67E5D92518E64C00FE829B /* Assets.xcassets in Resources */,
				FB67E5D72518E64B00FE829B /* Main.storyboard in Resources */,
			);
			runOnlyForDeploymentPostprocessing = 0;
		};
/* End PBXResourcesBuildPhase section */

/* Begin PBXSourcesBuildPhase section */
		FB67E5C82518E64B00FE829B /* Sources */ = {
			isa = PBXSourcesBuildPhase;
			buildActionMask = 2147483647;
			files = (
				FB67E5D42518E64B00FE829B /* ViewController.swift in Sources */,
				FB67E5D02518E64B00FE829B /* AppDelegate.swift in Sources */,
				FB67E5D22518E64B00FE829B /* SceneDelegate.swift in Sources */,
			);
			runOnlyForDeploymentPostprocessing = 0;
		};
/* End PBXSourcesBuildPhase section */

/* Begin PBXVariantGroup section */
		FB67E5D52518E64B00FE829B /* Main.storyboard */ = {
			isa = PBXVariantGroup;
			children = (
				FB67E5D62518E64B00FE829B /* Base */,
			);
			name = Main.storyboard;
			sourceTree = "<group>";
		};
		FB67E5DA2518E64C00FE829B /* LaunchScreen.storyboard */ = {
			isa = PBXVariantGroup;
			children = (
				FB67E5DB2518E64C00FE829B /* Base */,
			);
			name = LaunchScreen.storyboard;
			sourceTree = "<group>";
		};
/* End PBXVariantGroup section */

/* Begin XCBuildConfiguration section */
		FB67E5DE2518E64C00FE829B /* Debug */ = {
			isa = XCBuildConfiguration;
			buildSettings = {
				ALWAYS_SEARCH_USER_PATHS = NO;
				CLANG_ANALYZER_NONNULL = YES;
				CLANG_ANALYZER_NUMBER_OBJECT_CONVERSION = YES_AGGRESSIVE;
				CLANG_CXX_LANGUAGE_STANDARD = "gnu++14";
				CLANG_CXX_LIBRARY = "libc++";
				CLANG_ENABLE_MODULES = YES;
				CLANG_ENABLE_OBJC_ARC = YES;
				CLANG_ENABLE_OBJC_WEAK = YES;
				CLANG_WARN_BLOCK_CAPTURE_AUTORELEASING = YES;
				CLANG_WARN_BOOL_CONVERSION = YES;
				CLANG_WARN_COMMA = YES;
				CLANG_WARN_CONSTANT_CONVERSION = YES;
				CLANG_WARN_DEPRECATED_OBJC_IMPLEMENTATIONS = YES;
				CLANG_WARN_DIRECT_OBJC_ISA_USAGE = YES_ERROR;
				CLANG_WARN_DOCUMENTATION_COMMENTS = YES;
				CLANG_WARN_EMPTY_BODY = YES;
				CLANG_WARN_ENUM_CONVERSION = YES;
				CLANG_WARN_INFINITE_RECURSION = YES;
				CLANG_WARN_INT_CONVERSION = YES;
				CLANG_WARN_NON_LITERAL_NULL_CONVERSION = YES;
				CLANG_WARN_OBJC_IMPLICIT_RETAIN_SELF = YES;
				CLANG_WARN_OBJC_LITERAL_CONVERSION = YES;
				CLANG_WARN_OBJC_ROOT_CLASS = YES_ERROR;
				CLANG_WARN_RANGE_LOOP_ANALYSIS = YES;
				CLANG_WARN_STRICT_PROTOTYPES = YES;
				CLANG_WARN_SUSPICIOUS_MOVE = YES;
				CLANG_WARN_UNGUARDED_AVAILABILITY = YES_AGGRESSIVE;
				CLANG_WARN_UNREACHABLE_CODE = YES;
				CLANG_WARN__DUPLICATE_METHOD_MATCH = YES;
				COPY_PHASE_STRIP = NO;
				DEBUG_INFORMATION_FORMAT = dwarf;
				ENABLE_STRICT_OBJC_MSGSEND = YES;
				ENABLE_TESTABILITY = YES;
				GCC_C_LANGUAGE_STANDARD = gnu11;
				GCC_DYNAMIC_NO_PIC = NO;
				GCC_NO_COMMON_BLOCKS = YES;
				GCC_OPTIMIZATION_LEVEL = 0;
				GCC_PREPROCESSOR_DEFINITIONS = (
					"DEBUG=1",
					"$(inherited)",
				);
				GCC_WARN_64_TO_32_BIT_CONVERSION = YES;
				GCC_WARN_ABOUT_RETURN_TYPE = YES_ERROR;
				GCC_WARN_UNDECLARED_SELECTOR = YES;
				GCC_WARN_UNINITIALIZED_AUTOS = YES_AGGRESSIVE;
				GCC_WARN_UNUSED_FUNCTION = YES;
				GCC_WARN_UNUSED_VARIABLE = YES;
				IPHONEOS_DEPLOYMENT_TARGET = 13.7;
				MTL_ENABLE_DEBUG_INFO = INCLUDE_SOURCE;
				MTL_FAST_MATH = YES;
				ONLY_ACTIVE_ARCH = YES;
				SDKROOT = iphoneos;
				SWIFT_ACTIVE_COMPILATION_CONDITIONS = DEBUG;
				SWIFT_OPTIMIZATION_LEVEL = "-Onone";
			};
			name = Debug;
		};
		FB67E5DF2518E64C00FE829B /* Release */ = {
			isa = XCBuildConfiguration;
			buildSettings = {
				ALWAYS_SEARCH_USER_PATHS = NO;
				CLANG_ANALYZER_NONNULL = YES;
				CLANG_ANALYZER_NUMBER_OBJECT_CONVERSION = YES_AGGRESSIVE;
				CLANG_CXX_LANGUAGE_STANDARD = "gnu++14";
				CLANG_CXX_LIBRARY = "libc++";
				CLANG_ENABLE_MODULES = YES;
				CLANG_ENABLE_OBJC_ARC = YES;
				CLANG_ENABLE_OBJC_WEAK = YES;
				CLANG_WARN_BLOCK_CAPTURE_AUTORELEASING = YES;
				CLANG_WARN_BOOL_CONVERSION = YES;
				CLANG_WARN_COMMA = YES;
				CLANG_WARN_CONSTANT_CONVERSION = YES;
				CLANG_WARN_DEPRECATED_OBJC_IMPLEMENTATIONS = YES;
				CLANG_WARN_DIRECT_OBJC_ISA_USAGE = YES_ERROR;
				CLANG_WARN_DOCUMENTATION_COMMENTS = YES;
				CLANG_WARN_EMPTY_BODY = YES;
				CLANG_WARN_ENUM_CONVERSION = YES;
				CLANG_WARN_INFINITE_RECURSION = YES;
				CLANG_WARN_INT_CONVERSION = YES;
				CLANG_WARN_NON_LITERAL_NULL_CONVERSION = YES;
				CLANG_WARN_OBJC_IMPLICIT_RETAIN_SELF = YES;
				CLANG_WARN_OBJC_LITERAL_CONVERSION = YES;
				CLANG_WARN_OBJC_ROOT_CLASS = YES_ERROR;
				CLANG_WARN_RANGE_LOOP_ANALYSIS = YES;
				CLANG_WARN_STRICT_PROTOTYPES = YES;
				CLANG_WARN_SUSPICIOUS_MOVE = YES;
				CLANG_WARN_UNGUARDED_AVAILABILITY = YES_AGGRESSIVE;
				CLANG_WARN_UNREACHABLE_CODE = YES;
				CLANG_WARN__DUPLICATE_METHOD_MATCH = YES;
				COPY_PHASE_STRIP = NO;
				DEBUG_INFORMATION_FORMAT = "dwarf-with-dsym";
				ENABLE_NS_ASSERTIONS = NO;
				ENABLE_STRICT_OBJC_MSGSEND = YES;
				GCC_C_LANGUAGE_STANDARD = gnu11;
				GCC_NO_COMMON_BLOCKS = YES;
				GCC_WARN_64_TO_32_BIT_CONVERSION = YES;
				GCC_WARN_ABOUT_RETURN_TYPE = YES_ERROR;
				GCC_WARN_UNDECLARED_SELECTOR = YES;
				GCC_WARN_UNINITIALIZED_AUTOS = YES_AGGRESSIVE;
				GCC_WARN_UNUSED_FUNCTION = YES;
				GCC_WARN_UNUSED_VARIABLE = YES;
				IPHONEOS_DEPLOYMENT_TARGET = 13.7;
				MTL_ENABLE_DEBUG_INFO = NO;
				MTL_FAST_MATH = YES;
				SDKROOT = iphoneos;
				SWIFT_COMPILATION_MODE = wholemodule;
				SWIFT_OPTIMIZATION_LEVEL = "-O";
				VALIDATE_PRODUCT = YES;
			};
			name = Release;
		};
		FB67E5E12518E64C00FE829B /* Debug */ = {
			isa = XCBuildConfiguration;
			buildSettings = {
				ASSETCATALOG_COMPILER_APPICON_NAME = AppIcon;
				CODE_SIGN_STYLE = Automatic;
				INFOPLIST_FILE = DemoNavigation/Info.plist;
				LD_RUNPATH_SEARCH_PATHS = (
					"$(inherited)",
					"@executable_path/Frameworks",
				);
				PRODUCT_BUNDLE_IDENTIFIER = com.solera.DemoNavigation;
				PRODUCT_NAME = "$(TARGET_NAME)";
				SWIFT_VERSION = 5.0;
				TARGETED_DEVICE_FAMILY = "1,2";
			};
			name = Debug;
		};
		FB67E5E22518E64C00FE829B /* Release */ = {
			isa = XCBuildConfiguration;
			buildSettings = {
				ASSETCATALOG_COMPILER_APPICON_NAME = AppIcon;
				CODE_SIGN_STYLE = Automatic;
				INFOPLIST_FILE = DemoNavigation/Info.plist;
				LD_RUNPATH_SEARCH_PATHS = (
					"$(inherited)",
					"@executable_path/Frameworks",
				);
				PRODUCT_BUNDLE_IDENTIFIER = com.solera.DemoNavigation;
				PRODUCT_NAME = "$(TARGET_NAME)";
				SWIFT_VERSION = 5.0;
				TARGETED_DEVICE_FAMILY = "1,2";
			};
			name = Release;
		};
/* End XCBuildConfiguration section */

/* Begin XCConfigurationList section */
		FB67E5C72518E64B00FE829B /* Build configuration list for PBXProject "DemoNavigation" */ = {
			isa = XCConfigurationList;
			buildConfigurations = (
				FB67E5DE2518E64C00FE829B /* Debug */,
				FB67E5DF2518E64C00FE829B /* Release */,
			);
			defaultConfigurationIsVisible = 0;
			defaultConfigurationName = Release;
		};
		FB67E5E02518E64C00FE829B /* Build configuration list for PBXNativeTarget "DemoNavigation" */ = {
			isa = XCConfigurationList;
			buildConfigurations = (
				FB67E5E12518E64C00FE829B /* Debug */,
				FB67E5E22518E64C00FE829B /* Release */,
			);
			defaultConfigurationIsVisible = 0;
			defaultConfigurationName = Release;
		};
/* End XCConfigurationList section */
	};
	rootObject = FB67E5C42518E64B00FE829B /* Project object */;
}
